// !$*UTF8*$!
{
	archiveVersion = 1;
	classes = {
	};
	objectVersion = 55;
	objects = {

/* Begin PBXBuildFile section */
		4C267D5A28A9A902008468A2 /* MarinersApp.swift in Sources */ = {isa = PBXBuildFile; fileRef = 4C267D5928A9A902008468A2 /* MarinersApp.swift */; };
		4C267D5C28A9A902008468A2 /* ContentView.swift in Sources */ = {isa = PBXBuildFile; fileRef = 4C267D5B28A9A902008468A2 /* ContentView.swift */; };
		4C267D5E28A9A903008468A2 /* Assets.xcassets in Resources */ = {isa = PBXBuildFile; fileRef = 4C267D5D28A9A903008468A2 /* Assets.xcassets */; };
		4C267D6128A9A903008468A2 /* Preview Assets.xcassets in Resources */ = {isa = PBXBuildFile; fileRef = 4C267D6028A9A903008468A2 /* Preview Assets.xcassets */; };
		4C267D6928A9A95D008468A2 /* GoogleService-Info.plist in Resources */ = {isa = PBXBuildFile; fileRef = 4C267D6828A9A95D008468A2 /* GoogleService-Info.plist */; };
		4C267D6E28A9A9B0008468A2 /* gameData.json in Resources */ = {isa = PBXBuildFile; fileRef = 4C267D6B28A9A9B0008468A2 /* gameData.json */; };
		4C267D6F28A9A9B0008468A2 /* tweetData.json in Resources */ = {isa = PBXBuildFile; fileRef = 4C267D6C28A9A9B0008468A2 /* tweetData.json */; };
		4C267D7028A9A9B0008468A2 /* articleData.json in Resources */ = {isa = PBXBuildFile; fileRef = 4C267D6D28A9A9B0008468A2 /* articleData.json */; };
		4C267D7828A9A9BD008468A2 /* Tweet.swift in Sources */ = {isa = PBXBuildFile; fileRef = 4C267D7328A9A9BD008468A2 /* Tweet.swift */; };
		4C267D7928A9A9BD008468A2 /* Settings.swift in Sources */ = {isa = PBXBuildFile; fileRef = 4C267D7428A9A9BD008468A2 /* Settings.swift */; };
		4C267D7A28A9A9BD008468A2 /* Article.swift in Sources */ = {isa = PBXBuildFile; fileRef = 4C267D7528A9A9BD008468A2 /* Article.swift */; };
		4C267D7B28A9A9BD008468A2 /* ModelData.swift in Sources */ = {isa = PBXBuildFile; fileRef = 4C267D7628A9A9BD008468A2 /* ModelData.swift */; };
		4C267D7E28A9AB6A008468A2 /* FirebaseAnalytics in Frameworks */ = {isa = PBXBuildFile; productRef = 4C267D7D28A9AB6A008468A2 /* FirebaseAnalytics */; };
		4C267D8128A9B1EB008468A2 /* FirebaseAppCheck in Frameworks */ = {isa = PBXBuildFile; productRef = 4C267D8028A9B1EB008468A2 /* FirebaseAppCheck */; };
		4C267D8428A9B77A008468A2 /* FirebaseFirestore in Frameworks */ = {isa = PBXBuildFile; productRef = 4C267D8328A9B77A008468A2 /* FirebaseFirestore */; };
		4C329E9328B32ADF00F8A237 /* boxscoreData.json in Resources */ = {isa = PBXBuildFile; fileRef = 4C329E9228B32ADF00F8A237 /* boxscoreData.json */; };
		4C329E9528B3364C00F8A237 /* TimeFunctions.swift in Sources */ = {isa = PBXBuildFile; fileRef = 4C329E9428B3364C00F8A237 /* TimeFunctions.swift */; };
		4C394B5528AB41B800313CBD /* TweetDetail.swift in Sources */ = {isa = PBXBuildFile; fileRef = 4C394B3928AB41B800313CBD /* TweetDetail.swift */; };
		4C394B5628AB41B800313CBD /* TweetCardRow.swift in Sources */ = {isa = PBXBuildFile; fileRef = 4C394B3B28AB41B800313CBD /* TweetCardRow.swift */; };
		4C394B5728AB41B800313CBD /* TweetCard.swift in Sources */ = {isa = PBXBuildFile; fileRef = 4C394B3C28AB41B800313CBD /* TweetCard.swift */; };
		4C394B5828AB41B800313CBD /* TweetList.swift in Sources */ = {isa = PBXBuildFile; fileRef = 4C394B3D28AB41B800313CBD /* TweetList.swift */; };
		4C394B5928AB41B800313CBD /* EmbedsViewController.swift in Sources */ = {isa = PBXBuildFile; fileRef = 4C394B3F28AB41B800313CBD /* EmbedsViewController.swift */; };
		4C394B5A28AB41B800313CBD /* WebView.swift in Sources */ = {isa = PBXBuildFile; fileRef = 4C394B4028AB41B800313CBD /* WebView.swift */; };
		4C394B5B28AB41B800313CBD /* GameFeatured.swift in Sources */ = {isa = PBXBuildFile; fileRef = 4C394B4228AB41B800313CBD /* GameFeatured.swift */; };
		4C394B5C28AB41B800313CBD /* GameList.swift in Sources */ = {isa = PBXBuildFile; fileRef = 4C394B4328AB41B800313CBD /* GameList.swift */; };
		4C394B5D28AB41B800313CBD /* GameDetail.swift in Sources */ = {isa = PBXBuildFile; fileRef = 4C394B4428AB41B800313CBD /* GameDetail.swift */; };
		4C394B5E28AB41B800313CBD /* LoginView.swift in Sources */ = {isa = PBXBuildFile; fileRef = 4C394B4728AB41B800313CBD /* LoginView.swift */; };
		4C394B5F28AB41B800313CBD /* SettingsSummary.swift in Sources */ = {isa = PBXBuildFile; fileRef = 4C394B4928AB41B800313CBD /* SettingsSummary.swift */; };
		4C394B6028AB41B800313CBD /* SettingsEditor.swift in Sources */ = {isa = PBXBuildFile; fileRef = 4C394B4A28AB41B800313CBD /* SettingsEditor.swift */; };
		4C394B6128AB41B800313CBD /* SettingsHost.swift in Sources */ = {isa = PBXBuildFile; fileRef = 4C394B4B28AB41B800313CBD /* SettingsHost.swift */; };
		4C394B6228AB41B800313CBD /* NewsDetail.swift in Sources */ = {isa = PBXBuildFile; fileRef = 4C394B4D28AB41B800313CBD /* NewsDetail.swift */; };
		4C394B6328AB41B800313CBD /* HeadlineRow.swift in Sources */ = {isa = PBXBuildFile; fileRef = 4C394B4F28AB41B800313CBD /* HeadlineRow.swift */; };
		4C394B6428AB41B800313CBD /* HeadlineList.swift in Sources */ = {isa = PBXBuildFile; fileRef = 4C394B5028AB41B800313CBD /* HeadlineList.swift */; };
		4C394B6528AB41B800313CBD /* NewsRow.swift in Sources */ = {isa = PBXBuildFile; fileRef = 4C394B5128AB41B800313CBD /* NewsRow.swift */; };
		4C394B6628AB41B800313CBD /* NewsList.swift in Sources */ = {isa = PBXBuildFile; fileRef = 4C394B5228AB41B800313CBD /* NewsList.swift */; };
		4C394B6728AB41B900313CBD /* HomeView.swift in Sources */ = {isa = PBXBuildFile; fileRef = 4C394B5428AB41B800313CBD /* HomeView.swift */; };
		4C394B6928AB43CC00313CBD /* TestResponse.swift in Sources */ = {isa = PBXBuildFile; fileRef = 4C394B6828AB43CC00313CBD /* TestResponse.swift */; };
		4C394B6C28AB447900313CBD /* ResponseView.swift in Sources */ = {isa = PBXBuildFile; fileRef = 4C394B6B28AB447900313CBD /* ResponseView.swift */; };
		4C394B6F28AC232500313CBD /* StandingsView.swift in Sources */ = {isa = PBXBuildFile; fileRef = 4C394B6E28AC232500313CBD /* StandingsView.swift */; };
		4C394B7128AC233500313CBD /* Standings.swift in Sources */ = {isa = PBXBuildFile; fileRef = 4C394B7028AC233500313CBD /* Standings.swift */; };
		4C5A100128AD67CA00AB96A8 /* OutsView.swift in Sources */ = {isa = PBXBuildFile; fileRef = 4C5A100028AD67CA00AB96A8 /* OutsView.swift */; };
		4C5A100328AD68FA00AB96A8 /* DisplayFunctions.swift in Sources */ = {isa = PBXBuildFile; fileRef = 4C5A100228AD68FA00AB96A8 /* DisplayFunctions.swift */; };
		4C5A100528AD6C6C00AB96A8 /* InningView.swift in Sources */ = {isa = PBXBuildFile; fileRef = 4C5A100428AD6C6C00AB96A8 /* InningView.swift */; };
		4C6F7A4728AC5C54007CBE94 /* StandingItem.swift in Sources */ = {isa = PBXBuildFile; fileRef = 4C6F7A4628AC5C54007CBE94 /* StandingItem.swift */; };
		4C9AB9CD28AD42F70020CCEA /* GameRow.swift in Sources */ = {isa = PBXBuildFile; fileRef = 4C9AB9CC28AD42F70020CCEA /* GameRow.swift */; };
		4CDFA77728B16A4A009EA2F5 /* GameFunctions.swift in Sources */ = {isa = PBXBuildFile; fileRef = 4CDFA77628B16A4A009EA2F5 /* GameFunctions.swift */; };
		4CDFA77928B17744009EA2F5 /* DailyBoxscore.swift in Sources */ = {isa = PBXBuildFile; fileRef = 4CDFA77828B17744009EA2F5 /* DailyBoxscore.swift */; };
		4CDFA77B28B1AF88009EA2F5 /* BoxscoreRow.swift in Sources */ = {isa = PBXBuildFile; fileRef = 4CDFA77A28B1AF88009EA2F5 /* BoxscoreRow.swift */; };
		4CDFA77D28B1AFBF009EA2F5 /* BoxscoreItem.swift in Sources */ = {isa = PBXBuildFile; fileRef = 4CDFA77C28B1AFBF009EA2F5 /* BoxscoreItem.swift */; };
		4CF1231F28B441D100666DEE /* FinalView.swift in Sources */ = {isa = PBXBuildFile; fileRef = 4CF1231E28B441D100666DEE /* FinalView.swift */; };
		4CF1232128B468FC00666DEE /* BoxscoreTotals.swift in Sources */ = {isa = PBXBuildFile; fileRef = 4CF1232028B468FC00666DEE /* BoxscoreTotals.swift */; };
		4CF1232328B4697100666DEE /* BoxscoreInnings.swift in Sources */ = {isa = PBXBuildFile; fileRef = 4CF1232228B4697100666DEE /* BoxscoreInnings.swift */; };
		4CF1232528B4776C00666DEE /* GameBoxscore.swift in Sources */ = {isa = PBXBuildFile; fileRef = 4CF1232428B4776C00666DEE /* GameBoxscore.swift */; };
		4CF1232828B47BB800666DEE /* Game.swift in Sources */ = {isa = PBXBuildFile; fileRef = 4CF1232728B47BB800666DEE /* Game.swift */; };
/* End PBXBuildFile section */

/* Begin PBXFileReference section */
		4C267D5628A9A902008468A2 /* Mariners.app */ = {isa = PBXFileReference; explicitFileType = wrapper.application; includeInIndex = 0; path = Mariners.app; sourceTree = BUILT_PRODUCTS_DIR; };
		4C267D5928A9A902008468A2 /* MarinersApp.swift */ = {isa = PBXFileReference; lastKnownFileType = sourcecode.swift; path = MarinersApp.swift; sourceTree = "<group>"; };
		4C267D5B28A9A902008468A2 /* ContentView.swift */ = {isa = PBXFileReference; lastKnownFileType = sourcecode.swift; path = ContentView.swift; sourceTree = "<group>"; };
		4C267D5D28A9A903008468A2 /* Assets.xcassets */ = {isa = PBXFileReference; lastKnownFileType = folder.assetcatalog; path = Assets.xcassets; sourceTree = "<group>"; };
		4C267D6028A9A903008468A2 /* Preview Assets.xcassets */ = {isa = PBXFileReference; lastKnownFileType = folder.assetcatalog; path = "Preview Assets.xcassets"; sourceTree = "<group>"; };
		4C267D6828A9A95D008468A2 /* GoogleService-Info.plist */ = {isa = PBXFileReference; fileEncoding = 4; lastKnownFileType = text.plist.xml; path = "GoogleService-Info.plist"; sourceTree = "<group>"; };
		4C267D6B28A9A9B0008468A2 /* gameData.json */ = {isa = PBXFileReference; fileEncoding = 4; lastKnownFileType = text.json; path = gameData.json; sourceTree = "<group>"; };
		4C267D6C28A9A9B0008468A2 /* tweetData.json */ = {isa = PBXFileReference; fileEncoding = 4; lastKnownFileType = text.json; path = tweetData.json; sourceTree = "<group>"; };
		4C267D6D28A9A9B0008468A2 /* articleData.json */ = {isa = PBXFileReference; fileEncoding = 4; lastKnownFileType = text.json; path = articleData.json; sourceTree = "<group>"; };
		4C267D7328A9A9BD008468A2 /* Tweet.swift */ = {isa = PBXFileReference; fileEncoding = 4; lastKnownFileType = sourcecode.swift; path = Tweet.swift; sourceTree = "<group>"; };
		4C267D7428A9A9BD008468A2 /* Settings.swift */ = {isa = PBXFileReference; fileEncoding = 4; lastKnownFileType = sourcecode.swift; path = Settings.swift; sourceTree = "<group>"; };
		4C267D7528A9A9BD008468A2 /* Article.swift */ = {isa = PBXFileReference; fileEncoding = 4; lastKnownFileType = sourcecode.swift; path = Article.swift; sourceTree = "<group>"; };
		4C267D7628A9A9BD008468A2 /* ModelData.swift */ = {isa = PBXFileReference; fileEncoding = 4; lastKnownFileType = sourcecode.swift; path = ModelData.swift; sourceTree = "<group>"; };
		4C329E9228B32ADF00F8A237 /* boxscoreData.json */ = {isa = PBXFileReference; fileEncoding = 4; lastKnownFileType = text.json; path = boxscoreData.json; sourceTree = "<group>"; };
		4C329E9428B3364C00F8A237 /* TimeFunctions.swift */ = {isa = PBXFileReference; lastKnownFileType = sourcecode.swift; path = TimeFunctions.swift; sourceTree = "<group>"; };
		4C394B3928AB41B800313CBD /* TweetDetail.swift */ = {isa = PBXFileReference; fileEncoding = 4; lastKnownFileType = sourcecode.swift; path = TweetDetail.swift; sourceTree = "<group>"; };
		4C394B3B28AB41B800313CBD /* TweetCardRow.swift */ = {isa = PBXFileReference; fileEncoding = 4; lastKnownFileType = sourcecode.swift; path = TweetCardRow.swift; sourceTree = "<group>"; };
		4C394B3C28AB41B800313CBD /* TweetCard.swift */ = {isa = PBXFileReference; fileEncoding = 4; lastKnownFileType = sourcecode.swift; path = TweetCard.swift; sourceTree = "<group>"; };
		4C394B3D28AB41B800313CBD /* TweetList.swift */ = {isa = PBXFileReference; fileEncoding = 4; lastKnownFileType = sourcecode.swift; path = TweetList.swift; sourceTree = "<group>"; };
		4C394B3F28AB41B800313CBD /* EmbedsViewController.swift */ = {isa = PBXFileReference; fileEncoding = 4; lastKnownFileType = sourcecode.swift; path = EmbedsViewController.swift; sourceTree = "<group>"; };
		4C394B4028AB41B800313CBD /* WebView.swift */ = {isa = PBXFileReference; fileEncoding = 4; lastKnownFileType = sourcecode.swift; path = WebView.swift; sourceTree = "<group>"; };
		4C394B4228AB41B800313CBD /* GameFeatured.swift */ = {isa = PBXFileReference; fileEncoding = 4; lastKnownFileType = sourcecode.swift; path = GameFeatured.swift; sourceTree = "<group>"; };
		4C394B4328AB41B800313CBD /* GameList.swift */ = {isa = PBXFileReference; fileEncoding = 4; lastKnownFileType = sourcecode.swift; path = GameList.swift; sourceTree = "<group>"; };
		4C394B4428AB41B800313CBD /* GameDetail.swift */ = {isa = PBXFileReference; fileEncoding = 4; lastKnownFileType = sourcecode.swift; path = GameDetail.swift; sourceTree = "<group>"; };
		4C394B4728AB41B800313CBD /* LoginView.swift */ = {isa = PBXFileReference; fileEncoding = 4; lastKnownFileType = sourcecode.swift; path = LoginView.swift; sourceTree = "<group>"; };
		4C394B4928AB41B800313CBD /* SettingsSummary.swift */ = {isa = PBXFileReference; fileEncoding = 4; lastKnownFileType = sourcecode.swift; path = SettingsSummary.swift; sourceTree = "<group>"; };
		4C394B4A28AB41B800313CBD /* SettingsEditor.swift */ = {isa = PBXFileReference; fileEncoding = 4; lastKnownFileType = sourcecode.swift; path = SettingsEditor.swift; sourceTree = "<group>"; };
		4C394B4B28AB41B800313CBD /* SettingsHost.swift */ = {isa = PBXFileReference; fileEncoding = 4; lastKnownFileType = sourcecode.swift; path = SettingsHost.swift; sourceTree = "<group>"; };
		4C394B4D28AB41B800313CBD /* NewsDetail.swift */ = {isa = PBXFileReference; fileEncoding = 4; lastKnownFileType = sourcecode.swift; path = NewsDetail.swift; sourceTree = "<group>"; };
		4C394B4F28AB41B800313CBD /* HeadlineRow.swift */ = {isa = PBXFileReference; fileEncoding = 4; lastKnownFileType = sourcecode.swift; path = HeadlineRow.swift; sourceTree = "<group>"; };
		4C394B5028AB41B800313CBD /* HeadlineList.swift */ = {isa = PBXFileReference; fileEncoding = 4; lastKnownFileType = sourcecode.swift; path = HeadlineList.swift; sourceTree = "<group>"; };
		4C394B5128AB41B800313CBD /* NewsRow.swift */ = {isa = PBXFileReference; fileEncoding = 4; lastKnownFileType = sourcecode.swift; path = NewsRow.swift; sourceTree = "<group>"; };
		4C394B5228AB41B800313CBD /* NewsList.swift */ = {isa = PBXFileReference; fileEncoding = 4; lastKnownFileType = sourcecode.swift; path = NewsList.swift; sourceTree = "<group>"; };
		4C394B5428AB41B800313CBD /* HomeView.swift */ = {isa = PBXFileReference; fileEncoding = 4; lastKnownFileType = sourcecode.swift; path = HomeView.swift; sourceTree = "<group>"; };
		4C394B6828AB43CC00313CBD /* TestResponse.swift */ = {isa = PBXFileReference; lastKnownFileType = sourcecode.swift; path = TestResponse.swift; sourceTree = "<group>"; };
		4C394B6B28AB447900313CBD /* ResponseView.swift */ = {isa = PBXFileReference; lastKnownFileType = sourcecode.swift; path = ResponseView.swift; sourceTree = "<group>"; };
		4C394B6E28AC232500313CBD /* StandingsView.swift */ = {isa = PBXFileReference; lastKnownFileType = sourcecode.swift; path = StandingsView.swift; sourceTree = "<group>"; };
		4C394B7028AC233500313CBD /* Standings.swift */ = {isa = PBXFileReference; lastKnownFileType = sourcecode.swift; path = Standings.swift; sourceTree = "<group>"; };
		4C5A100028AD67CA00AB96A8 /* OutsView.swift */ = {isa = PBXFileReference; lastKnownFileType = sourcecode.swift; path = OutsView.swift; sourceTree = "<group>"; };
		4C5A100228AD68FA00AB96A8 /* DisplayFunctions.swift */ = {isa = PBXFileReference; lastKnownFileType = sourcecode.swift; path = DisplayFunctions.swift; sourceTree = "<group>"; };
		4C5A100428AD6C6C00AB96A8 /* InningView.swift */ = {isa = PBXFileReference; lastKnownFileType = sourcecode.swift; path = InningView.swift; sourceTree = "<group>"; };
		4C6F7A4628AC5C54007CBE94 /* StandingItem.swift */ = {isa = PBXFileReference; lastKnownFileType = sourcecode.swift; path = StandingItem.swift; sourceTree = "<group>"; };
		4C9AB9CC28AD42F70020CCEA /* GameRow.swift */ = {isa = PBXFileReference; lastKnownFileType = sourcecode.swift; path = GameRow.swift; sourceTree = "<group>"; };
		4CDFA77628B16A4A009EA2F5 /* GameFunctions.swift */ = {isa = PBXFileReference; lastKnownFileType = sourcecode.swift; path = GameFunctions.swift; sourceTree = "<group>"; };
		4CDFA77828B17744009EA2F5 /* DailyBoxscore.swift */ = {isa = PBXFileReference; lastKnownFileType = sourcecode.swift; path = DailyBoxscore.swift; sourceTree = "<group>"; };
		4CDFA77A28B1AF88009EA2F5 /* BoxscoreRow.swift */ = {isa = PBXFileReference; lastKnownFileType = sourcecode.swift; path = BoxscoreRow.swift; sourceTree = "<group>"; };
		4CDFA77C28B1AFBF009EA2F5 /* BoxscoreItem.swift */ = {isa = PBXFileReference; lastKnownFileType = sourcecode.swift; path = BoxscoreItem.swift; sourceTree = "<group>"; };
		4CF1231E28B441D100666DEE /* FinalView.swift */ = {isa = PBXFileReference; lastKnownFileType = sourcecode.swift; path = FinalView.swift; sourceTree = "<group>"; };
		4CF1232028B468FC00666DEE /* BoxscoreTotals.swift */ = {isa = PBXFileReference; lastKnownFileType = sourcecode.swift; path = BoxscoreTotals.swift; sourceTree = "<group>"; };
		4CF1232228B4697100666DEE /* BoxscoreInnings.swift */ = {isa = PBXFileReference; lastKnownFileType = sourcecode.swift; path = BoxscoreInnings.swift; sourceTree = "<group>"; };
		4CF1232428B4776C00666DEE /* GameBoxscore.swift */ = {isa = PBXFileReference; lastKnownFileType = sourcecode.swift; path = GameBoxscore.swift; sourceTree = "<group>"; };
		4CF1232728B47BB800666DEE /* Game.swift */ = {isa = PBXFileReference; lastKnownFileType = sourcecode.swift; path = Game.swift; sourceTree = "<group>"; };
/* End PBXFileReference section */

/* Begin PBXFrameworksBuildPhase section */
		4C267D5328A9A901008468A2 /* Frameworks */ = {
			isa = PBXFrameworksBuildPhase;
			buildActionMask = 2147483647;
			files = (
				4C267D8128A9B1EB008468A2 /* FirebaseAppCheck in Frameworks */,
				4C267D7E28A9AB6A008468A2 /* FirebaseAnalytics in Frameworks */,
				4C267D8428A9B77A008468A2 /* FirebaseFirestore in Frameworks */,
			);
			runOnlyForDeploymentPostprocessing = 0;
		};
/* End PBXFrameworksBuildPhase section */

/* Begin PBXGroup section */
		4C267D4D28A9A901008468A2 = {
			isa = PBXGroup;
			children = (
				4C267D5828A9A902008468A2 /* Mariners */,
				4C267D5728A9A902008468A2 /* Products */,
			);
			sourceTree = "<group>";
		};
		4C267D5728A9A902008468A2 /* Products */ = {
			isa = PBXGroup;
			children = (
				4C267D5628A9A902008468A2 /* Mariners.app */,
			);
			name = Products;
			sourceTree = "<group>";
		};
		4C267D5828A9A902008468A2 /* Mariners */ = {
			isa = PBXGroup;
			children = (
				4C267D5928A9A902008468A2 /* MarinersApp.swift */,
				4C267D6828A9A95D008468A2 /* GoogleService-Info.plist */,
				4C267D6728A9A947008468A2 /* Views */,
				4C267D7128A9A9BD008468A2 /* Model */,
				4C267D6A28A9A9B0008468A2 /* Resources */,
				4C267D5D28A9A903008468A2 /* Assets.xcassets */,
				4C267D5F28A9A903008468A2 /* Preview Content */,
			);
			path = Mariners;
			sourceTree = "<group>";
		};
		4C267D5F28A9A903008468A2 /* Preview Content */ = {
			isa = PBXGroup;
			children = (
				4C267D6028A9A903008468A2 /* Preview Assets.xcassets */,
			);
			path = "Preview Content";
			sourceTree = "<group>";
		};
		4C267D6728A9A947008468A2 /* Views */ = {
			isa = PBXGroup;
			children = (
				4C267D5B28A9A902008468A2 /* ContentView.swift */,
				4C394B4128AB41B800313CBD /* Games */,
				4C394B4528AB41B800313CBD /* Helpers */,
				4C394B5328AB41B800313CBD /* Home */,
				4C394B4628AB41B800313CBD /* Login */,
				4C394B4C28AB41B800313CBD /* News */,
				4C394B4828AB41B800313CBD /* Settings */,
				4C394B6D28AC230400313CBD /* Standings */,
				4C394B6A28AB442200313CBD /* Test */,
				4C394B3828AB41B800313CBD /* Tweets */,
			);
			path = Views;
			sourceTree = "<group>";
		};
		4C267D6A28A9A9B0008468A2 /* Resources */ = {
			isa = PBXGroup;
			children = (
				4C267D6B28A9A9B0008468A2 /* gameData.json */,
				4C267D6C28A9A9B0008468A2 /* tweetData.json */,
				4C267D6D28A9A9B0008468A2 /* articleData.json */,
				4C329E9228B32ADF00F8A237 /* boxscoreData.json */,
			);
			path = Resources;
			sourceTree = "<group>";
		};
		4C267D7128A9A9BD008468A2 /* Model */ = {
			isa = PBXGroup;
			children = (
				4CF1232628B4798B00666DEE /* Boxscores */,
				4C267D7328A9A9BD008468A2 /* Tweet.swift */,
				4C267D7428A9A9BD008468A2 /* Settings.swift */,
				4C267D7528A9A9BD008468A2 /* Article.swift */,
				4C267D7628A9A9BD008468A2 /* ModelData.swift */,
				4C394B6828AB43CC00313CBD /* TestResponse.swift */,
				4C394B7028AC233500313CBD /* Standings.swift */,
			);
			path = Model;
			sourceTree = "<group>";
		};
		4C394B3828AB41B800313CBD /* Tweets */ = {
			isa = PBXGroup;
			children = (
				4C394B3928AB41B800313CBD /* TweetDetail.swift */,
				4C394B3A28AB41B800313CBD /* Cards */,
				4C394B3D28AB41B800313CBD /* TweetList.swift */,
				4C394B3E28AB41B800313CBD /* Embedded */,
			);
			path = Tweets;
			sourceTree = "<group>";
		};
		4C394B3A28AB41B800313CBD /* Cards */ = {
			isa = PBXGroup;
			children = (
				4C394B3B28AB41B800313CBD /* TweetCardRow.swift */,
				4C394B3C28AB41B800313CBD /* TweetCard.swift */,
			);
			path = Cards;
			sourceTree = "<group>";
		};
		4C394B3E28AB41B800313CBD /* Embedded */ = {
			isa = PBXGroup;
			children = (
				4C394B3F28AB41B800313CBD /* EmbedsViewController.swift */,
				4C394B4028AB41B800313CBD /* WebView.swift */,
			);
			path = Embedded;
			sourceTree = "<group>";
		};
		4C394B4128AB41B800313CBD /* Games */ = {
			isa = PBXGroup;
			children = (
				4C394B4228AB41B800313CBD /* GameFeatured.swift */,
				4C394B4328AB41B800313CBD /* GameList.swift */,
				4C9AB9CC28AD42F70020CCEA /* GameRow.swift */,
				4C394B4428AB41B800313CBD /* GameDetail.swift */,
				4CDFA77A28B1AF88009EA2F5 /* BoxscoreRow.swift */,
				4CDFA77C28B1AFBF009EA2F5 /* BoxscoreItem.swift */,
			);
			path = Games;
			sourceTree = "<group>";
		};
		4C394B4528AB41B800313CBD /* Helpers */ = {
			isa = PBXGroup;
			children = (
				4CF1231E28B441D100666DEE /* FinalView.swift */,
				4C5A100028AD67CA00AB96A8 /* OutsView.swift */,
				4C5A100428AD6C6C00AB96A8 /* InningView.swift */,
				4C5A100228AD68FA00AB96A8 /* DisplayFunctions.swift */,
				4CDFA77628B16A4A009EA2F5 /* GameFunctions.swift */,
				4C329E9428B3364C00F8A237 /* TimeFunctions.swift */,
				4CF1232028B468FC00666DEE /* BoxscoreTotals.swift */,
				4CF1232228B4697100666DEE /* BoxscoreInnings.swift */,
			);
			path = Helpers;
			sourceTree = "<group>";
		};
		4C394B4628AB41B800313CBD /* Login */ = {
			isa = PBXGroup;
			children = (
				4C394B4728AB41B800313CBD /* LoginView.swift */,
			);
			path = Login;
			sourceTree = "<group>";
		};
		4C394B4828AB41B800313CBD /* Settings */ = {
			isa = PBXGroup;
			children = (
				4C394B4928AB41B800313CBD /* SettingsSummary.swift */,
				4C394B4A28AB41B800313CBD /* SettingsEditor.swift */,
				4C394B4B28AB41B800313CBD /* SettingsHost.swift */,
			);
			path = Settings;
			sourceTree = "<group>";
		};
		4C394B4C28AB41B800313CBD /* News */ = {
			isa = PBXGroup;
			children = (
				4C394B4E28AB41B800313CBD /* Headlines */,
				4C394B4D28AB41B800313CBD /* NewsDetail.swift */,
				4C394B5128AB41B800313CBD /* NewsRow.swift */,
				4C394B5228AB41B800313CBD /* NewsList.swift */,
			);
			path = News;
			sourceTree = "<group>";
		};
		4C394B4E28AB41B800313CBD /* Headlines */ = {
			isa = PBXGroup;
			children = (
				4C394B4F28AB41B800313CBD /* HeadlineRow.swift */,
				4C394B5028AB41B800313CBD /* HeadlineList.swift */,
			);
			path = Headlines;
			sourceTree = "<group>";
		};
		4C394B5328AB41B800313CBD /* Home */ = {
			isa = PBXGroup;
			children = (
				4C394B5428AB41B800313CBD /* HomeView.swift */,
			);
			path = Home;
			sourceTree = "<group>";
		};
		4C394B6A28AB442200313CBD /* Test */ = {
			isa = PBXGroup;
			children = (
				4C394B6B28AB447900313CBD /* ResponseView.swift */,
			);
			path = Test;
			sourceTree = "<group>";
		};
		4C394B6D28AC230400313CBD /* Standings */ = {
			isa = PBXGroup;
			children = (
				4C394B6E28AC232500313CBD /* StandingsView.swift */,
				4C6F7A4628AC5C54007CBE94 /* StandingItem.swift */,
			);
			path = Standings;
			sourceTree = "<group>";
		};
		4CF1232628B4798B00666DEE /* Boxscores */ = {
			isa = PBXGroup;
			children = (
				4CDFA77828B17744009EA2F5 /* DailyBoxscore.swift */,
				4CF1232428B4776C00666DEE /* GameBoxscore.swift */,
				4CF1232728B47BB800666DEE /* Game.swift */,
			);
			path = Boxscores;
			sourceTree = "<group>";
		};
/* End PBXGroup section */

/* Begin PBXNativeTarget section */
		4C267D5528A9A901008468A2 /* Mariners */ = {
			isa = PBXNativeTarget;
			buildConfigurationList = 4C267D6428A9A903008468A2 /* Build configuration list for PBXNativeTarget "Mariners" */;
			buildPhases = (
				4C267D5228A9A901008468A2 /* Sources */,
				4C267D5328A9A901008468A2 /* Frameworks */,
				4C267D5428A9A901008468A2 /* Resources */,
			);
			buildRules = (
			);
			dependencies = (
			);
			name = Mariners;
			packageProductDependencies = (
				4C267D7D28A9AB6A008468A2 /* FirebaseAnalytics */,
				4C267D8028A9B1EB008468A2 /* FirebaseAppCheck */,
				4C267D8328A9B77A008468A2 /* FirebaseFirestore */,
			);
			productName = Mariners;
			productReference = 4C267D5628A9A902008468A2 /* Mariners.app */;
			productType = "com.apple.product-type.application";
		};
/* End PBXNativeTarget section */

/* Begin PBXProject section */
		4C267D4E28A9A901008468A2 /* Project object */ = {
			isa = PBXProject;
			attributes = {
				BuildIndependentTargetsInParallel = 1;
				LastSwiftUpdateCheck = 1340;
				LastUpgradeCheck = 1340;
				TargetAttributes = {
					4C267D5528A9A901008468A2 = {
						CreatedOnToolsVersion = 13.4.1;
					};
				};
			};
			buildConfigurationList = 4C267D5128A9A901008468A2 /* Build configuration list for PBXProject "Mariners" */;
			compatibilityVersion = "Xcode 13.0";
			developmentRegion = en;
			hasScannedForEncodings = 0;
			knownRegions = (
				en,
				Base,
			);
			mainGroup = 4C267D4D28A9A901008468A2;
			packageReferences = (
				4C267D7C28A9AB6A008468A2 /* XCRemoteSwiftPackageReference "firebase-ios-sdk" */,
				4C267D7F28A9B1EB008468A2 /* XCRemoteSwiftPackageReference "firebase-ios-sdk" */,
				4C267D8228A9B77A008468A2 /* XCRemoteSwiftPackageReference "firebase-ios-sdk" */,
			);
			productRefGroup = 4C267D5728A9A902008468A2 /* Products */;
			projectDirPath = "";
			projectRoot = "";
			targets = (
				4C267D5528A9A901008468A2 /* Mariners */,
			);
		};
/* End PBXProject section */

/* Begin PBXResourcesBuildPhase section */
		4C267D5428A9A901008468A2 /* Resources */ = {
			isa = PBXResourcesBuildPhase;
			buildActionMask = 2147483647;
			files = (
				4C329E9328B32ADF00F8A237 /* boxscoreData.json in Resources */,
				4C267D7028A9A9B0008468A2 /* articleData.json in Resources */,
				4C267D6128A9A903008468A2 /* Preview Assets.xcassets in Resources */,
				4C267D6E28A9A9B0008468A2 /* gameData.json in Resources */,
				4C267D5E28A9A903008468A2 /* Assets.xcassets in Resources */,
				4C267D6F28A9A9B0008468A2 /* tweetData.json in Resources */,
				4C267D6928A9A95D008468A2 /* GoogleService-Info.plist in Resources */,
			);
			runOnlyForDeploymentPostprocessing = 0;
		};
/* End PBXResourcesBuildPhase section */

/* Begin PBXSourcesBuildPhase section */
		4C267D5228A9A901008468A2 /* Sources */ = {
			isa = PBXSourcesBuildPhase;
			buildActionMask = 2147483647;
			files = (
				4CF1232328B4697100666DEE /* BoxscoreInnings.swift in Sources */,
				4C394B5928AB41B800313CBD /* EmbedsViewController.swift in Sources */,
				4CDFA77B28B1AF88009EA2F5 /* BoxscoreRow.swift in Sources */,
				4C5A100328AD68FA00AB96A8 /* DisplayFunctions.swift in Sources */,
				4C394B5F28AB41B800313CBD /* SettingsSummary.swift in Sources */,
				4CDFA77928B17744009EA2F5 /* DailyBoxscore.swift in Sources */,
				4C394B6028AB41B800313CBD /* SettingsEditor.swift in Sources */,
				4C394B5528AB41B800313CBD /* TweetDetail.swift in Sources */,
				4C394B6928AB43CC00313CBD /* TestResponse.swift in Sources */,
				4C394B6328AB41B800313CBD /* HeadlineRow.swift in Sources */,
				4C394B5A28AB41B800313CBD /* WebView.swift in Sources */,
				4C267D5C28A9A902008468A2 /* ContentView.swift in Sources */,
				4C394B5728AB41B800313CBD /* TweetCard.swift in Sources */,
				4C267D7A28A9A9BD008468A2 /* Article.swift in Sources */,
				4C9AB9CD28AD42F70020CCEA /* GameRow.swift in Sources */,
				4C394B5C28AB41B800313CBD /* GameList.swift in Sources */,
				4C394B5D28AB41B800313CBD /* GameDetail.swift in Sources */,
				4CDFA77D28B1AFBF009EA2F5 /* BoxscoreItem.swift in Sources */,
				4C267D5A28A9A902008468A2 /* MarinersApp.swift in Sources */,
				4CF1232528B4776C00666DEE /* GameBoxscore.swift in Sources */,
				4C394B6528AB41B800313CBD /* NewsRow.swift in Sources */,
				4C394B6C28AB447900313CBD /* ResponseView.swift in Sources */,
				4C394B5E28AB41B800313CBD /* LoginView.swift in Sources */,
				4C394B6F28AC232500313CBD /* StandingsView.swift in Sources */,
				4C394B6728AB41B900313CBD /* HomeView.swift in Sources */,
				4C6F7A4728AC5C54007CBE94 /* StandingItem.swift in Sources */,
				4CDFA77728B16A4A009EA2F5 /* GameFunctions.swift in Sources */,
				4C329E9528B3364C00F8A237 /* TimeFunctions.swift in Sources */,
				4C394B5828AB41B800313CBD /* TweetList.swift in Sources */,
				4C267D7828A9A9BD008468A2 /* Tweet.swift in Sources */,
				4CF1232128B468FC00666DEE /* BoxscoreTotals.swift in Sources */,
				4C5A100528AD6C6C00AB96A8 /* InningView.swift in Sources */,
				4C267D7928A9A9BD008468A2 /* Settings.swift in Sources */,
				4CF1231F28B441D100666DEE /* FinalView.swift in Sources */,
				4C394B6128AB41B800313CBD /* SettingsHost.swift in Sources */,
				4C394B7128AC233500313CBD /* Standings.swift in Sources */,
				4C267D7B28A9A9BD008468A2 /* ModelData.swift in Sources */,
				4C394B5628AB41B800313CBD /* TweetCardRow.swift in Sources */,
				4C5A100128AD67CA00AB96A8 /* OutsView.swift in Sources */,
				4CF1232828B47BB800666DEE /* Game.swift in Sources */,
				4C394B6628AB41B800313CBD /* NewsList.swift in Sources */,
				4C394B5B28AB41B800313CBD /* GameFeatured.swift in Sources */,
				4C394B6428AB41B800313CBD /* HeadlineList.swift in Sources */,
				4C394B6228AB41B800313CBD /* NewsDetail.swift in Sources */,
			);
			runOnlyForDeploymentPostprocessing = 0;
		};
/* End PBXSourcesBuildPhase section */

/* Begin XCBuildConfiguration section */
		4C267D6228A9A903008468A2 /* Debug */ = {
			isa = XCBuildConfiguration;
			buildSettings = {
				ALWAYS_SEARCH_USER_PATHS = NO;
				CLANG_ANALYZER_NONNULL = YES;
				CLANG_ANALYZER_NUMBER_OBJECT_CONVERSION = YES_AGGRESSIVE;
				CLANG_CXX_LANGUAGE_STANDARD = "gnu++17";
				CLANG_ENABLE_MODULES = YES;
				CLANG_ENABLE_OBJC_ARC = YES;
				CLANG_ENABLE_OBJC_WEAK = YES;
				CLANG_WARN_BLOCK_CAPTURE_AUTORELEASING = YES;
				CLANG_WARN_BOOL_CONVERSION = YES;
				CLANG_WARN_COMMA = YES;
				CLANG_WARN_CONSTANT_CONVERSION = YES;
				CLANG_WARN_DEPRECATED_OBJC_IMPLEMENTATIONS = YES;
				CLANG_WARN_DIRECT_OBJC_ISA_USAGE = YES_ERROR;
				CLANG_WARN_DOCUMENTATION_COMMENTS = YES;
				CLANG_WARN_EMPTY_BODY = YES;
				CLANG_WARN_ENUM_CONVERSION = YES;
				CLANG_WARN_INFINITE_RECURSION = YES;
				CLANG_WARN_INT_CONVERSION = YES;
				CLANG_WARN_NON_LITERAL_NULL_CONVERSION = YES;
				CLANG_WARN_OBJC_IMPLICIT_RETAIN_SELF = YES;
				CLANG_WARN_OBJC_LITERAL_CONVERSION = YES;
				CLANG_WARN_OBJC_ROOT_CLASS = YES_ERROR;
				CLANG_WARN_QUOTED_INCLUDE_IN_FRAMEWORK_HEADER = YES;
				CLANG_WARN_RANGE_LOOP_ANALYSIS = YES;
				CLANG_WARN_STRICT_PROTOTYPES = YES;
				CLANG_WARN_SUSPICIOUS_MOVE = YES;
				CLANG_WARN_UNGUARDED_AVAILABILITY = YES_AGGRESSIVE;
				CLANG_WARN_UNREACHABLE_CODE = YES;
				CLANG_WARN__DUPLICATE_METHOD_MATCH = YES;
				COPY_PHASE_STRIP = NO;
				DEBUG_INFORMATION_FORMAT = dwarf;
				ENABLE_STRICT_OBJC_MSGSEND = YES;
				ENABLE_TESTABILITY = YES;
				GCC_C_LANGUAGE_STANDARD = gnu11;
				GCC_DYNAMIC_NO_PIC = NO;
				GCC_NO_COMMON_BLOCKS = YES;
				GCC_OPTIMIZATION_LEVEL = 0;
				GCC_PREPROCESSOR_DEFINITIONS = (
					"DEBUG=1",
					"$(inherited)",
				);
				GCC_WARN_64_TO_32_BIT_CONVERSION = YES;
				GCC_WARN_ABOUT_RETURN_TYPE = YES_ERROR;
				GCC_WARN_UNDECLARED_SELECTOR = YES;
				GCC_WARN_UNINITIALIZED_AUTOS = YES_AGGRESSIVE;
				GCC_WARN_UNUSED_FUNCTION = YES;
				GCC_WARN_UNUSED_VARIABLE = YES;
				IPHONEOS_DEPLOYMENT_TARGET = 15.5;
				MTL_ENABLE_DEBUG_INFO = INCLUDE_SOURCE;
				MTL_FAST_MATH = YES;
				ONLY_ACTIVE_ARCH = YES;
				SDKROOT = iphoneos;
				SWIFT_ACTIVE_COMPILATION_CONDITIONS = DEBUG;
				SWIFT_OPTIMIZATION_LEVEL = "-Onone";
			};
			name = Debug;
		};
		4C267D6328A9A903008468A2 /* Release */ = {
			isa = XCBuildConfiguration;
			buildSettings = {
				ALWAYS_SEARCH_USER_PATHS = NO;
				CLANG_ANALYZER_NONNULL = YES;
				CLANG_ANALYZER_NUMBER_OBJECT_CONVERSION = YES_AGGRESSIVE;
				CLANG_CXX_LANGUAGE_STANDARD = "gnu++17";
				CLANG_ENABLE_MODULES = YES;
				CLANG_ENABLE_OBJC_ARC = YES;
				CLANG_ENABLE_OBJC_WEAK = YES;
				CLANG_WARN_BLOCK_CAPTURE_AUTORELEASING = YES;
				CLANG_WARN_BOOL_CONVERSION = YES;
				CLANG_WARN_COMMA = YES;
				CLANG_WARN_CONSTANT_CONVERSION = YES;
				CLANG_WARN_DEPRECATED_OBJC_IMPLEMENTATIONS = YES;
				CLANG_WARN_DIRECT_OBJC_ISA_USAGE = YES_ERROR;
				CLANG_WARN_DOCUMENTATION_COMMENTS = YES;
				CLANG_WARN_EMPTY_BODY = YES;
				CLANG_WARN_ENUM_CONVERSION = YES;
				CLANG_WARN_INFINITE_RECURSION = YES;
				CLANG_WARN_INT_CONVERSION = YES;
				CLANG_WARN_NON_LITERAL_NULL_CONVERSION = YES;
				CLANG_WARN_OBJC_IMPLICIT_RETAIN_SELF = YES;
				CLANG_WARN_OBJC_LITERAL_CONVERSION = YES;
				CLANG_WARN_OBJC_ROOT_CLASS = YES_ERROR;
				CLANG_WARN_QUOTED_INCLUDE_IN_FRAMEWORK_HEADER = YES;
				CLANG_WARN_RANGE_LOOP_ANALYSIS = YES;
				CLANG_WARN_STRICT_PROTOTYPES = YES;
				CLANG_WARN_SUSPICIOUS_MOVE = YES;
				CLANG_WARN_UNGUARDED_AVAILABILITY = YES_AGGRESSIVE;
				CLANG_WARN_UNREACHABLE_CODE = YES;
				CLANG_WARN__DUPLICATE_METHOD_MATCH = YES;
				COPY_PHASE_STRIP = NO;
				DEBUG_INFORMATION_FORMAT = "dwarf-with-dsym";
				ENABLE_NS_ASSERTIONS = NO;
				ENABLE_STRICT_OBJC_MSGSEND = YES;
				GCC_C_LANGUAGE_STANDARD = gnu11;
				GCC_NO_COMMON_BLOCKS = YES;
				GCC_WARN_64_TO_32_BIT_CONVERSION = YES;
				GCC_WARN_ABOUT_RETURN_TYPE = YES_ERROR;
				GCC_WARN_UNDECLARED_SELECTOR = YES;
				GCC_WARN_UNINITIALIZED_AUTOS = YES_AGGRESSIVE;
				GCC_WARN_UNUSED_FUNCTION = YES;
				GCC_WARN_UNUSED_VARIABLE = YES;
				IPHONEOS_DEPLOYMENT_TARGET = 15.5;
				MTL_ENABLE_DEBUG_INFO = NO;
				MTL_FAST_MATH = YES;
				SDKROOT = iphoneos;
				SWIFT_COMPILATION_MODE = wholemodule;
				SWIFT_OPTIMIZATION_LEVEL = "-O";
				VALIDATE_PRODUCT = YES;
			};
			name = Release;
		};
		4C267D6528A9A903008468A2 /* Debug */ = {
			isa = XCBuildConfiguration;
			buildSettings = {
				ASSETCATALOG_COMPILER_APPICON_NAME = AppIcon;
				ASSETCATALOG_COMPILER_GLOBAL_ACCENT_COLOR_NAME = AccentColor;
				CODE_SIGN_STYLE = Automatic;
				CURRENT_PROJECT_VERSION = 1;
				DEVELOPMENT_ASSET_PATHS = "\"Mariners/Preview Content\"";
				DEVELOPMENT_TEAM = Y4984Z4727;
				ENABLE_PREVIEWS = YES;
				GENERATE_INFOPLIST_FILE = YES;
				INFOPLIST_KEY_UIApplicationSceneManifest_Generation = YES;
				INFOPLIST_KEY_UIApplicationSupportsIndirectInputEvents = YES;
				INFOPLIST_KEY_UILaunchScreen_Generation = YES;
				INFOPLIST_KEY_UISupportedInterfaceOrientations_iPad = "UIInterfaceOrientationPortrait UIInterfaceOrientationPortraitUpsideDown UIInterfaceOrientationLandscapeLeft UIInterfaceOrientationLandscapeRight";
				INFOPLIST_KEY_UISupportedInterfaceOrientations_iPhone = "UIInterfaceOrientationPortrait UIInterfaceOrientationLandscapeLeft UIInterfaceOrientationLandscapeRight";
				LD_RUNPATH_SEARCH_PATHS = (
					"$(inherited)",
					"@executable_path/Frameworks",
				);
				MARKETING_VERSION = 1.0;
				PRODUCT_BUNDLE_IDENTIFIER = gavindaniel.Mariners;
				PRODUCT_NAME = "$(TARGET_NAME)";
				SWIFT_EMIT_LOC_STRINGS = YES;
				SWIFT_VERSION = 5.0;
				TARGETED_DEVICE_FAMILY = "1,2";
			};
			name = Debug;
		};
		4C267D6628A9A903008468A2 /* Release */ = {
			isa = XCBuildConfiguration;
			buildSettings = {
				ASSETCATALOG_COMPILER_APPICON_NAME = AppIcon;
				ASSETCATALOG_COMPILER_GLOBAL_ACCENT_COLOR_NAME = AccentColor;
				CODE_SIGN_STYLE = Automatic;
				CURRENT_PROJECT_VERSION = 1;
				DEVELOPMENT_ASSET_PATHS = "\"Mariners/Preview Content\"";
				DEVELOPMENT_TEAM = Y4984Z4727;
				ENABLE_PREVIEWS = YES;
				GENERATE_INFOPLIST_FILE = YES;
				INFOPLIST_KEY_UIApplicationSceneManifest_Generation = YES;
				INFOPLIST_KEY_UIApplicationSupportsIndirectInputEvents = YES;
				INFOPLIST_KEY_UILaunchScreen_Generation = YES;
				INFOPLIST_KEY_UISupportedInterfaceOrientations_iPad = "UIInterfaceOrientationPortrait UIInterfaceOrientationPortraitUpsideDown UIInterfaceOrientationLandscapeLeft UIInterfaceOrientationLandscapeRight";
				INFOPLIST_KEY_UISupportedInterfaceOrientations_iPhone = "UIInterfaceOrientationPortrait UIInterfaceOrientationLandscapeLeft UIInterfaceOrientationLandscapeRight";
				LD_RUNPATH_SEARCH_PATHS = (
					"$(inherited)",
					"@executable_path/Frameworks",
				);
				MARKETING_VERSION = 1.0;
				PRODUCT_BUNDLE_IDENTIFIER = gavindaniel.Mariners;
				PRODUCT_NAME = "$(TARGET_NAME)";
				SWIFT_EMIT_LOC_STRINGS = YES;
				SWIFT_VERSION = 5.0;
				TARGETED_DEVICE_FAMILY = "1,2";
			};
			name = Release;
		};
/* End XCBuildConfiguration section */

/* Begin XCConfigurationList section */
		4C267D5128A9A901008468A2 /* Build configuration list for PBXProject "Mariners" */ = {
			isa = XCConfigurationList;
			buildConfigurations = (
				4C267D6228A9A903008468A2 /* Debug */,
				4C267D6328A9A903008468A2 /* Release */,
			);
			defaultConfigurationIsVisible = 0;
			defaultConfigurationName = Release;
		};
		4C267D6428A9A903008468A2 /* Build configuration list for PBXNativeTarget "Mariners" */ = {
			isa = XCConfigurationList;
			buildConfigurations = (
				4C267D6528A9A903008468A2 /* Debug */,
				4C267D6628A9A903008468A2 /* Release */,
			);
			defaultConfigurationIsVisible = 0;
			defaultConfigurationName = Release;
		};
/* End XCConfigurationList section */

/* Begin XCRemoteSwiftPackageReference section */
		4C267D7C28A9AB6A008468A2 /* XCRemoteSwiftPackageReference "firebase-ios-sdk" */ = {
			isa = XCRemoteSwiftPackageReference;
			repositoryURL = "https://github.com/firebase/firebase-ios-sdk";
			requirement = {
				kind = upToNextMajorVersion;
				minimumVersion = 9.0.0;
			};
		};
		4C267D7F28A9B1EB008468A2 /* XCRemoteSwiftPackageReference "firebase-ios-sdk" */ = {
			isa = XCRemoteSwiftPackageReference;
			repositoryURL = "https://github.com/firebase/firebase-ios-sdk";
			requirement = {
				kind = upToNextMajorVersion;
				minimumVersion = 9.0.0;
			};
		};
		4C267D8228A9B77A008468A2 /* XCRemoteSwiftPackageReference "firebase-ios-sdk" */ = {
			isa = XCRemoteSwiftPackageReference;
			repositoryURL = "https://github.com/firebase/firebase-ios-sdk";
			requirement = {
				kind = upToNextMajorVersion;
				minimumVersion = 9.0.0;
			};
		};
/* End XCRemoteSwiftPackageReference section */

/* Begin XCSwiftPackageProductDependency section */
		4C267D7D28A9AB6A008468A2 /* FirebaseAnalytics */ = {
			isa = XCSwiftPackageProductDependency;
			package = 4C267D7C28A9AB6A008468A2 /* XCRemoteSwiftPackageReference "firebase-ios-sdk" */;
			productName = FirebaseAnalytics;
		};
		4C267D8028A9B1EB008468A2 /* FirebaseAppCheck */ = {
			isa = XCSwiftPackageProductDependency;
			package = 4C267D7C28A9AB6A008468A2 /* XCRemoteSwiftPackageReference "firebase-ios-sdk" */;
			productName = FirebaseAppCheck;
		};
		4C267D8328A9B77A008468A2 /* FirebaseFirestore */ = {
			isa = XCSwiftPackageProductDependency;
			package = 4C267D7C28A9AB6A008468A2 /* XCRemoteSwiftPackageReference "firebase-ios-sdk" */;
			productName = FirebaseFirestore;
		};
/* End XCSwiftPackageProductDependency section */
	};
	rootObject = 4C267D4E28A9A901008468A2 /* Project object */;
}
